
Microsoft Visual Studio Solution File, Format Version 11.00
# Visual Studio 2010
Project("{FAE04EC0-301F-11D3-BF4B-00C04F79EFBC}") = "CMPE1700BrandonFooteICA5", "CMPE1700BrandonFooteICA5\CMPE1700BrandonFooteICA5.csproj", "{7BAD4D46-047E-4B23-984B-A379FC3D671A}"
EndProject
Global
	GlobalSection(SolutionConfigurationPlatforms) = preSolution
		Debug|x86 = Debug|x86
		Release|x86 = Release|x86
	EndGlobalSection
	GlobalSection(ProjectConfigurationPlatforms) = postSolution
		{7BAD4D46-047E-4B23-984B-A379FC3D671A}.Debug|x86.ActiveCfg = Debug|x86
		{7BAD4D46-047E-4B23-984B-A379FC3D671A}.Debug|x86.Build.0 = Debug|x86
		{7BAD4D46-047E-4B23-984B-A379FC3D671A}.Release|x86.ActiveCfg = Release|x86
		{7BAD4D46-047E-4B23-984B-A379FC3D671A}.Release|x86.Build.0 = Release|x86
	EndGlobalSection
	GlobalSection(SolutionProperties) = preSolution
		HideSolutionNode = FALSE
	EndGlobalSection
EndGlobal
