
Microsoft Visual Studio Solution File, Format Version 11.00
# Visual Studio 2010
Project("{FAE04EC0-301F-11D3-BF4B-00C04F79EFBC}") = "CMPE1600BrandonFooteICA11", "CMPE1600BrandonFooteICA11\CMPE1600BrandonFooteICA11.csproj", "{7BECB04D-4811-4EC6-9A5C-C33402CBCD87}"
EndProject
Global
	GlobalSection(SolutionConfigurationPlatforms) = preSolution
		Debug|x86 = Debug|x86
		Release|x86 = Release|x86
	EndGlobalSection
	GlobalSection(ProjectConfigurationPlatforms) = postSolution
		{7BECB04D-4811-4EC6-9A5C-C33402CBCD87}.Debug|x86.ActiveCfg = Debug|x86
		{7BECB04D-4811-4EC6-9A5C-C33402CBCD87}.Debug|x86.Build.0 = Debug|x86
		{7BECB04D-4811-4EC6-9A5C-C33402CBCD87}.Release|x86.ActiveCfg = Release|x86
		{7BECB04D-4811-4EC6-9A5C-C33402CBCD87}.Release|x86.Build.0 = Release|x86
	EndGlobalSection
	GlobalSection(SolutionProperties) = preSolution
		HideSolutionNode = FALSE
	EndGlobalSection
EndGlobal
